
Microsoft Visual Studio Solution File, Format Version 12.00
# Visual Studio Version 17
VisualStudioVersion = 17.0.31919.166
MinimumVisualStudioVersion = 10.0.40219.1
Project("{FAE04EC0-301F-11D3-BF4B-00C04F79EFBC}") = "BattleGame.Server", "Server\BattleGame.Server.csproj", "{83646142-C3B0-485D-878A-CBA74E75A482}"
EndProject
Project("{FAE04EC0-301F-11D3-BF4B-00C04F79EFBC}") = "BattleGame.Client", "Client\BattleGame.Client.csproj", "{8146456A-1068-45CD-B776-FCCF63A7EDC3}"
EndProject
Project("{FAE04EC0-301F-11D3-BF4B-00C04F79EFBC}") = "BattleGame.Shared", "Shared\BattleGame.Shared.csproj", "{55C1A20F-FA0D-4C86-8E87-D9BF402A2733}"
EndProject
Global
	GlobalSection(SolutionConfigurationPlatforms) = preSolution
		Debug|Any CPU = Debug|Any CPU
		Release|Any CPU = Release|Any CPU
	EndGlobalSection
	GlobalSection(ProjectConfigurationPlatforms) = postSolution
		{83646142-C3B0-485D-878A-CBA74E75A482}.Debug|Any CPU.ActiveCfg = Debug|Any CPU
		{83646142-C3B0-485D-878A-CBA74E75A482}.Debug|Any CPU.Build.0 = Debug|Any CPU
		{83646142-C3B0-485D-878A-CBA74E75A482}.Release|Any CPU.ActiveCfg = Release|Any CPU
		{83646142-C3B0-485D-878A-CBA74E75A482}.Release|Any CPU.Build.0 = Release|Any CPU
		{8146456A-1068-45CD-B776-FCCF63A7EDC3}.Debug|Any CPU.ActiveCfg = Debug|Any CPU
		{8146456A-1068-45CD-B776-FCCF63A7EDC3}.Debug|Any CPU.Build.0 = Debug|Any CPU
		{8146456A-1068-45CD-B776-FCCF63A7EDC3}.Release|Any CPU.ActiveCfg = Release|Any CPU
		{8146456A-1068-45CD-B776-FCCF63A7EDC3}.Release|Any CPU.Build.0 = Release|Any CPU
		{55C1A20F-FA0D-4C86-8E87-D9BF402A2733}.Debug|Any CPU.ActiveCfg = Debug|Any CPU
		{55C1A20F-FA0D-4C86-8E87-D9BF402A2733}.Debug|Any CPU.Build.0 = Debug|Any CPU
		{55C1A20F-FA0D-4C86-8E87-D9BF402A2733}.Release|Any CPU.ActiveCfg = Release|Any CPU
		{55C1A20F-FA0D-4C86-8E87-D9BF402A2733}.Release|Any CPU.Build.0 = Release|Any CPU
	EndGlobalSection
	GlobalSection(SolutionProperties) = preSolution
		HideSolutionNode = FALSE
	EndGlobalSection
	GlobalSection(ExtensibilityGlobals) = postSolution
		SolutionGuid = {10304932-BECC-498E-B8A6-BE5C6BFAA0B1}
	EndGlobalSection
EndGlobal
